// !$*UTF8*$!
{
	archiveVersion = 1;
	classes = {
	};
	objectVersion = 46;
	objects = {

/* Begin PBXBuildFile section */
		09F08CFD0782BB58D164EBAB /* Pods_RightDirectionTests.framework in Frameworks */ = {isa = PBXBuildFile; fileRef = AEAC2A4D5128071513F9C0D5 /* Pods_RightDirectionTests.framework */; };
		27215C301C81E50C005D66BE /* AppDelegate.swift in Sources */ = {isa = PBXBuildFile; fileRef = 27215C2F1C81E50C005D66BE /* AppDelegate.swift */; };
		27215C371C81E50C005D66BE /* Main.storyboard in Resources */ = {isa = PBXBuildFile; fileRef = 27215C351C81E50C005D66BE /* Main.storyboard */; };
		27215C391C81E50C005D66BE /* Assets.xcassets in Resources */ = {isa = PBXBuildFile; fileRef = 27215C381C81E50C005D66BE /* Assets.xcassets */; };
		27215C3C1C81E50C005D66BE /* LaunchScreen.storyboard in Resources */ = {isa = PBXBuildFile; fileRef = 27215C3A1C81E50C005D66BE /* LaunchScreen.storyboard */; };
		27215C471C81E50C005D66BE /* RightDirectionTests.swift in Sources */ = {isa = PBXBuildFile; fileRef = 27215C461C81E50C005D66BE /* RightDirectionTests.swift */; };
		27215C551C81EB0A005D66BE /* RootViewController.swift in Sources */ = {isa = PBXBuildFile; fileRef = 27215C541C81EB0A005D66BE /* RootViewController.swift */; };
		27215C571C81EB1B005D66BE /* GameDashboardViewController.swift in Sources */ = {isa = PBXBuildFile; fileRef = 27215C561C81EB1B005D66BE /* GameDashboardViewController.swift */; };
		27215C591C81EB4A005D66BE /* ScoreBoardViewController.swift in Sources */ = {isa = PBXBuildFile; fileRef = 27215C581C81EB4A005D66BE /* ScoreBoardViewController.swift */; };
		273E697D1C8395330015C245 /* GameTabViewController.swift in Sources */ = {isa = PBXBuildFile; fileRef = 273E697C1C8395330015C245 /* GameTabViewController.swift */; };
		273E697F1C8395640015C245 /* GameTabViewController.xib in Resources */ = {isa = PBXBuildFile; fileRef = 273E697E1C8395640015C245 /* GameTabViewController.xib */; };
		273E69821C83A7EF0015C245 /* StatusBar.swift in Sources */ = {isa = PBXBuildFile; fileRef = 273E69811C83A7EF0015C245 /* StatusBar.swift */; };
		2773EF081C92480F00C9491B /* BadgeView.xib in Resources */ = {isa = PBXBuildFile; fileRef = 2773EF071C92480F00C9491B /* BadgeView.xib */; };
		2773EF0A1C92494A00C9491B /* BadgeView.swift in Sources */ = {isa = PBXBuildFile; fileRef = 2773EF091C92494A00C9491B /* BadgeView.swift */; };
		2773EF0C1C92B73300C9491B /* BadgeType.swift in Sources */ = {isa = PBXBuildFile; fileRef = 2773EF0B1C92B73300C9491B /* BadgeType.swift */; };
		277C3A2E1C91B1AD00E3BE93 /* ScoreManager.swift in Sources */ = {isa = PBXBuildFile; fileRef = 277C3A2D1C91B1AD00E3BE93 /* ScoreManager.swift */; };
		277C3A301C91B98500E3BE93 /* Constants.swift in Sources */ = {isa = PBXBuildFile; fileRef = 277C3A2F1C91B98500E3BE93 /* Constants.swift */; };
		277C3A321C91C9E700E3BE93 /* SwipeGestureExtension.swift in Sources */ = {isa = PBXBuildFile; fileRef = 277C3A311C91C9E700E3BE93 /* SwipeGestureExtension.swift */; };
		2795DCCF1C8EEF1800F4380F /* DirectionsManager.swift in Sources */ = {isa = PBXBuildFile; fileRef = 2795DCCE1C8EEF1800F4380F /* DirectionsManager.swift */; };
		2795DCD11C8EEF4800F4380F /* DirectionEntity.swift in Sources */ = {isa = PBXBuildFile; fileRef = 2795DCD01C8EEF4800F4380F /* DirectionEntity.swift */; };
		2795DCD31C8F0E5900F4380F /* directionsSeed.json in Resources */ = {isa = PBXBuildFile; fileRef = 2795DCD21C8F0E5900F4380F /* directionsSeed.json */; };
		2795DCD51C8F334300F4380F /* DataSource.swift in Sources */ = {isa = PBXBuildFile; fileRef = 2795DCD41C8F334300F4380F /* DataSource.swift */; };
		2795DCD71C8F34DB00F4380F /* DirectionsDataSource.swift in Sources */ = {isa = PBXBuildFile; fileRef = 2795DCD61C8F34DB00F4380F /* DirectionsDataSource.swift */; };
		27AE74731C89A7B900CE9D92 /* DirectionsView.swift in Sources */ = {isa = PBXBuildFile; fileRef = 27AE74721C89A7B900CE9D92 /* DirectionsView.swift */; };
		27AE74751C89A7CF00CE9D92 /* DirectionsView.xib in Resources */ = {isa = PBXBuildFile; fileRef = 27AE74741C89A7CF00CE9D92 /* DirectionsView.xib */; };
		27AE74771C89AA7900CE9D92 /* DirectionItemView.swift in Sources */ = {isa = PBXBuildFile; fileRef = 27AE74761C89AA7900CE9D92 /* DirectionItemView.swift */; };
		27AE74791C89AA8600CE9D92 /* DirectionItemView.xib in Resources */ = {isa = PBXBuildFile; fileRef = 27AE74781C89AA8600CE9D92 /* DirectionItemView.xib */; };
		27AE747B1C8A169800CE9D92 /* DirectionsType.swift in Sources */ = {isa = PBXBuildFile; fileRef = 27AE747A1C8A169800CE9D92 /* DirectionsType.swift */; };
		27AE747D1C8A192800CE9D92 /* DirectionItem.swift in Sources */ = {isa = PBXBuildFile; fileRef = 27AE747C1C8A192800CE9D92 /* DirectionItem.swift */; };
		27AE747F1C8C479000CE9D92 /* PinView.swift in Sources */ = {isa = PBXBuildFile; fileRef = 27AE747E1C8C479000CE9D92 /* PinView.swift */; };
		27BB4F201C838E88000D1B31 /* Colors.swift in Sources */ = {isa = PBXBuildFile; fileRef = 27BB4F1F1C838E88000D1B31 /* Colors.swift */; };
		27EE73681C88197D00A0FD3F /* GameBoardViewController.swift in Sources */ = {isa = PBXBuildFile; fileRef = 27EE73661C88197D00A0FD3F /* GameBoardViewController.swift */; };
		27EE73691C88197D00A0FD3F /* GameBoardViewController.xib in Resources */ = {isa = PBXBuildFile; fileRef = 27EE73671C88197D00A0FD3F /* GameBoardViewController.xib */; };
		27EE736B1C885C0200A0FD3F /* RandomInt.swift in Sources */ = {isa = PBXBuildFile; fileRef = 27EE736A1C885C0200A0FD3F /* RandomInt.swift */; };
		3ACB573D39EFD24689867437 /* Pods.framework in Frameworks */ = {isa = PBXBuildFile; fileRef = E42B03B9DB795A06C11E9ADF /* Pods.framework */; };
/* End PBXBuildFile section */

/* Begin PBXContainerItemProxy section */
		27215C431C81E50C005D66BE /* PBXContainerItemProxy */ = {
			isa = PBXContainerItemProxy;
			containerPortal = 27215C241C81E50C005D66BE /* Project object */;
			proxyType = 1;
			remoteGlobalIDString = 27215C2B1C81E50C005D66BE;
			remoteInfo = RightDirection;
		};
/* End PBXContainerItemProxy section */

/* Begin PBXFileReference section */
		27215C2C1C81E50C005D66BE /* RightDirection.app */ = {isa = PBXFileReference; explicitFileType = wrapper.application; includeInIndex = 0; path = RightDirection.app; sourceTree = BUILT_PRODUCTS_DIR; };
		27215C2F1C81E50C005D66BE /* AppDelegate.swift */ = {isa = PBXFileReference; lastKnownFileType = sourcecode.swift; path = AppDelegate.swift; sourceTree = "<group>"; };
		27215C361C81E50C005D66BE /* Base */ = {isa = PBXFileReference; lastKnownFileType = file.storyboard; name = Base; path = Base.lproj/Main.storyboard; sourceTree = "<group>"; };
		27215C381C81E50C005D66BE /* Assets.xcassets */ = {isa = PBXFileReference; lastKnownFileType = folder.assetcatalog; path = Assets.xcassets; sourceTree = "<group>"; };
		27215C3B1C81E50C005D66BE /* Base */ = {isa = PBXFileReference; lastKnownFileType = file.storyboard; name = Base; path = Base.lproj/LaunchScreen.storyboard; sourceTree = "<group>"; };
		27215C3D1C81E50C005D66BE /* Info.plist */ = {isa = PBXFileReference; lastKnownFileType = text.plist.xml; path = Info.plist; sourceTree = "<group>"; };
		27215C421C81E50C005D66BE /* RightDirectionTests.xctest */ = {isa = PBXFileReference; explicitFileType = wrapper.cfbundle; includeInIndex = 0; path = RightDirectionTests.xctest; sourceTree = BUILT_PRODUCTS_DIR; };
		27215C461C81E50C005D66BE /* RightDirectionTests.swift */ = {isa = PBXFileReference; lastKnownFileType = sourcecode.swift; path = RightDirectionTests.swift; sourceTree = "<group>"; };
		27215C481C81E50C005D66BE /* Info.plist */ = {isa = PBXFileReference; lastKnownFileType = text.plist.xml; path = Info.plist; sourceTree = "<group>"; };
		27215C541C81EB0A005D66BE /* RootViewController.swift */ = {isa = PBXFileReference; fileEncoding = 4; lastKnownFileType = sourcecode.swift; path = RootViewController.swift; sourceTree = "<group>"; };
		27215C561C81EB1B005D66BE /* GameDashboardViewController.swift */ = {isa = PBXFileReference; fileEncoding = 4; lastKnownFileType = sourcecode.swift; path = GameDashboardViewController.swift; sourceTree = "<group>"; };
		27215C581C81EB4A005D66BE /* ScoreBoardViewController.swift */ = {isa = PBXFileReference; fileEncoding = 4; lastKnownFileType = sourcecode.swift; path = ScoreBoardViewController.swift; sourceTree = "<group>"; };
		273E697C1C8395330015C245 /* GameTabViewController.swift */ = {isa = PBXFileReference; fileEncoding = 4; lastKnownFileType = sourcecode.swift; path = GameTabViewController.swift; sourceTree = "<group>"; };
		273E697E1C8395640015C245 /* GameTabViewController.xib */ = {isa = PBXFileReference; fileEncoding = 4; lastKnownFileType = file.xib; path = GameTabViewController.xib; sourceTree = "<group>"; };
		273E69811C83A7EF0015C245 /* StatusBar.swift */ = {isa = PBXFileReference; fileEncoding = 4; lastKnownFileType = sourcecode.swift; path = StatusBar.swift; sourceTree = "<group>"; };
		2773EF071C92480F00C9491B /* BadgeView.xib */ = {isa = PBXFileReference; fileEncoding = 4; lastKnownFileType = file.xib; path = BadgeView.xib; sourceTree = "<group>"; };
		2773EF091C92494A00C9491B /* BadgeView.swift */ = {isa = PBXFileReference; fileEncoding = 4; lastKnownFileType = sourcecode.swift; path = BadgeView.swift; sourceTree = "<group>"; };
		2773EF0B1C92B73300C9491B /* BadgeType.swift */ = {isa = PBXFileReference; fileEncoding = 4; lastKnownFileType = sourcecode.swift; path = BadgeType.swift; sourceTree = "<group>"; };
		277C3A2D1C91B1AD00E3BE93 /* ScoreManager.swift */ = {isa = PBXFileReference; fileEncoding = 4; lastKnownFileType = sourcecode.swift; path = ScoreManager.swift; sourceTree = "<group>"; };
		277C3A2F1C91B98500E3BE93 /* Constants.swift */ = {isa = PBXFileReference; fileEncoding = 4; lastKnownFileType = sourcecode.swift; path = Constants.swift; sourceTree = "<group>"; };
		277C3A311C91C9E700E3BE93 /* SwipeGestureExtension.swift */ = {isa = PBXFileReference; fileEncoding = 4; lastKnownFileType = sourcecode.swift; path = SwipeGestureExtension.swift; sourceTree = "<group>"; };
		2795DCCE1C8EEF1800F4380F /* DirectionsManager.swift */ = {isa = PBXFileReference; fileEncoding = 4; lastKnownFileType = sourcecode.swift; name = DirectionsManager.swift; path = ../Model/DirectionsManager.swift; sourceTree = "<group>"; };
		2795DCD01C8EEF4800F4380F /* DirectionEntity.swift */ = {isa = PBXFileReference; fileEncoding = 4; lastKnownFileType = sourcecode.swift; path = DirectionEntity.swift; sourceTree = "<group>"; };
		2795DCD21C8F0E5900F4380F /* directionsSeed.json */ = {isa = PBXFileReference; fileEncoding = 4; lastKnownFileType = text.json; path = directionsSeed.json; sourceTree = "<group>"; };
		2795DCD41C8F334300F4380F /* DataSource.swift */ = {isa = PBXFileReference; fileEncoding = 4; lastKnownFileType = sourcecode.swift; path = DataSource.swift; sourceTree = "<group>"; };
		2795DCD61C8F34DB00F4380F /* DirectionsDataSource.swift */ = {isa = PBXFileReference; fileEncoding = 4; lastKnownFileType = sourcecode.swift; path = DirectionsDataSource.swift; sourceTree = "<group>"; };
		27AE74721C89A7B900CE9D92 /* DirectionsView.swift */ = {isa = PBXFileReference; fileEncoding = 4; lastKnownFileType = sourcecode.swift; path = DirectionsView.swift; sourceTree = "<group>"; };
		27AE74741C89A7CF00CE9D92 /* DirectionsView.xib */ = {isa = PBXFileReference; fileEncoding = 4; lastKnownFileType = file.xib; path = DirectionsView.xib; sourceTree = "<group>"; };
		27AE74761C89AA7900CE9D92 /* DirectionItemView.swift */ = {isa = PBXFileReference; fileEncoding = 4; lastKnownFileType = sourcecode.swift; path = DirectionItemView.swift; sourceTree = "<group>"; };
		27AE74781C89AA8600CE9D92 /* DirectionItemView.xib */ = {isa = PBXFileReference; fileEncoding = 4; lastKnownFileType = file.xib; path = DirectionItemView.xib; sourceTree = "<group>"; };
		27AE747A1C8A169800CE9D92 /* DirectionsType.swift */ = {isa = PBXFileReference; fileEncoding = 4; lastKnownFileType = sourcecode.swift; path = DirectionsType.swift; sourceTree = "<group>"; };
		27AE747C1C8A192800CE9D92 /* DirectionItem.swift */ = {isa = PBXFileReference; fileEncoding = 4; lastKnownFileType = sourcecode.swift; path = DirectionItem.swift; sourceTree = "<group>"; };
		27AE747E1C8C479000CE9D92 /* PinView.swift */ = {isa = PBXFileReference; fileEncoding = 4; lastKnownFileType = sourcecode.swift; path = PinView.swift; sourceTree = "<group>"; };
		27BB4F1F1C838E88000D1B31 /* Colors.swift */ = {isa = PBXFileReference; fileEncoding = 4; lastKnownFileType = sourcecode.swift; path = Colors.swift; sourceTree = "<group>"; };
		27EE73661C88197D00A0FD3F /* GameBoardViewController.swift */ = {isa = PBXFileReference; fileEncoding = 4; lastKnownFileType = sourcecode.swift; path = GameBoardViewController.swift; sourceTree = "<group>"; };
		27EE73671C88197D00A0FD3F /* GameBoardViewController.xib */ = {isa = PBXFileReference; fileEncoding = 4; lastKnownFileType = file.xib; name = GameBoardViewController.xib; path = ../Controller/GameBoardViewController.xib; sourceTree = "<group>"; };
		27EE736A1C885C0200A0FD3F /* RandomInt.swift */ = {isa = PBXFileReference; fileEncoding = 4; lastKnownFileType = sourcecode.swift; path = RandomInt.swift; sourceTree = "<group>"; };
		40097F922E05FBD6B93C2D7E /* Pods-RightDirectionTests.release.xcconfig */ = {isa = PBXFileReference; includeInIndex = 1; lastKnownFileType = text.xcconfig; name = "Pods-RightDirectionTests.release.xcconfig"; path = "Pods/Target Support Files/Pods-RightDirectionTests/Pods-RightDirectionTests.release.xcconfig"; sourceTree = "<group>"; };
		74BC45B634282F5150C38E68 /* Pods.debug.xcconfig */ = {isa = PBXFileReference; includeInIndex = 1; lastKnownFileType = text.xcconfig; name = Pods.debug.xcconfig; path = "Pods/Target Support Files/Pods/Pods.debug.xcconfig"; sourceTree = "<group>"; };
		7ABC83FEC357EF5A2675D3E2 /* Pods.release.xcconfig */ = {isa = PBXFileReference; includeInIndex = 1; lastKnownFileType = text.xcconfig; name = Pods.release.xcconfig; path = "Pods/Target Support Files/Pods/Pods.release.xcconfig"; sourceTree = "<group>"; };
		7E7AA0D18850DC1A21163361 /* Pods-RightDirectionTests.debug.xcconfig */ = {isa = PBXFileReference; includeInIndex = 1; lastKnownFileType = text.xcconfig; name = "Pods-RightDirectionTests.debug.xcconfig"; path = "Pods/Target Support Files/Pods-RightDirectionTests/Pods-RightDirectionTests.debug.xcconfig"; sourceTree = "<group>"; };
		AEAC2A4D5128071513F9C0D5 /* Pods_RightDirectionTests.framework */ = {isa = PBXFileReference; explicitFileType = wrapper.framework; includeInIndex = 0; path = Pods_RightDirectionTests.framework; sourceTree = BUILT_PRODUCTS_DIR; };
		E42B03B9DB795A06C11E9ADF /* Pods.framework */ = {isa = PBXFileReference; explicitFileType = wrapper.framework; includeInIndex = 0; path = Pods.framework; sourceTree = BUILT_PRODUCTS_DIR; };
/* End PBXFileReference section */

/* Begin PBXFrameworksBuildPhase section */
		27215C291C81E50C005D66BE /* Frameworks */ = {
			isa = PBXFrameworksBuildPhase;
			buildActionMask = 2147483647;
			files = (
				3ACB573D39EFD24689867437 /* Pods.framework in Frameworks */,
			);
			runOnlyForDeploymentPostprocessing = 0;
		};
		27215C3F1C81E50C005D66BE /* Frameworks */ = {
			isa = PBXFrameworksBuildPhase;
			buildActionMask = 2147483647;
			files = (
				09F08CFD0782BB58D164EBAB /* Pods_RightDirectionTests.framework in Frameworks */,
			);
			runOnlyForDeploymentPostprocessing = 0;
		};
/* End PBXFrameworksBuildPhase section */

/* Begin PBXGroup section */
		27215C231C81E50C005D66BE = {
			isa = PBXGroup;
			children = (
				27215C2E1C81E50C005D66BE /* RightDirection */,
				27215C451C81E50C005D66BE /* RightDirectionTests */,
				27215C2D1C81E50C005D66BE /* Products */,
				A3471BC646A0B6C0A7E3F0C0 /* Pods */,
				A2FFBF28ADE55DE346300EA0 /* Frameworks */,
			);
			sourceTree = "<group>";
		};
		27215C2D1C81E50C005D66BE /* Products */ = {
			isa = PBXGroup;
			children = (
				27215C2C1C81E50C005D66BE /* RightDirection.app */,
				27215C421C81E50C005D66BE /* RightDirectionTests.xctest */,
			);
			name = Products;
			sourceTree = "<group>";
		};
		27215C2E1C81E50C005D66BE /* RightDirection */ = {
			isa = PBXGroup;
			children = (
				273E69801C83A7E50015C245 /* Tools */,
				27215C531C81EA82005D66BE /* Controller */,
				27215C521C81EA7D005D66BE /* Model */,
				27215C511C81EA78005D66BE /* View */,
				27215C2F1C81E50C005D66BE /* AppDelegate.swift */,
				27215C351C81E50C005D66BE /* Main.storyboard */,
				27215C381C81E50C005D66BE /* Assets.xcassets */,
				27215C3A1C81E50C005D66BE /* LaunchScreen.storyboard */,
				27215C3D1C81E50C005D66BE /* Info.plist */,
			);
			path = RightDirection;
			sourceTree = "<group>";
		};
		27215C451C81E50C005D66BE /* RightDirectionTests */ = {
			isa = PBXGroup;
			children = (
				27215C461C81E50C005D66BE /* RightDirectionTests.swift */,
				27215C481C81E50C005D66BE /* Info.plist */,
			);
			path = RightDirectionTests;
			sourceTree = "<group>";
		};
		27215C511C81EA78005D66BE /* View */ = {
			isa = PBXGroup;
			children = (
				27BB4F1F1C838E88000D1B31 /* Colors.swift */,
				273E697E1C8395640015C245 /* GameTabViewController.xib */,
				27EE73671C88197D00A0FD3F /* GameBoardViewController.xib */,
				27AE74721C89A7B900CE9D92 /* DirectionsView.swift */,
				27AE74741C89A7CF00CE9D92 /* DirectionsView.xib */,
				27AE74761C89AA7900CE9D92 /* DirectionItemView.swift */,
				27AE74781C89AA8600CE9D92 /* DirectionItemView.xib */,
				2773EF091C92494A00C9491B /* BadgeView.swift */,
				2773EF071C92480F00C9491B /* BadgeView.xib */,
			);
			path = View;
			sourceTree = "<group>";
		};
		27215C521C81EA7D005D66BE /* Model */ = {
			isa = PBXGroup;
			children = (
				2795DCD21C8F0E5900F4380F /* directionsSeed.json */,
				27AE747C1C8A192800CE9D92 /* DirectionItem.swift */,
				2795DCD01C8EEF4800F4380F /* DirectionEntity.swift */,
				2795DCD41C8F334300F4380F /* DataSource.swift */,
				2795DCD61C8F34DB00F4380F /* DirectionsDataSource.swift */,
			);
			path = Model;
			sourceTree = "<group>";
		};
		27215C531C81EA82005D66BE /* Controller */ = {
			isa = PBXGroup;
			children = (
				27215C541C81EB0A005D66BE /* RootViewController.swift */,
				27215C561C81EB1B005D66BE /* GameDashboardViewController.swift */,
				27215C581C81EB4A005D66BE /* ScoreBoardViewController.swift */,
				273E697C1C8395330015C245 /* GameTabViewController.swift */,
				27EE73661C88197D00A0FD3F /* GameBoardViewController.swift */,
			);
			path = Controller;
			sourceTree = "<group>";
		};
		273E69801C83A7E50015C245 /* Tools */ = {
			isa = PBXGroup;
			children = (
				273E69811C83A7EF0015C245 /* StatusBar.swift */,
				27EE736A1C885C0200A0FD3F /* RandomInt.swift */,
				27AE747A1C8A169800CE9D92 /* DirectionsType.swift */,
				27AE747E1C8C479000CE9D92 /* PinView.swift */,
				2795DCCE1C8EEF1800F4380F /* DirectionsManager.swift */,
				277C3A2D1C91B1AD00E3BE93 /* ScoreManager.swift */,
				277C3A2F1C91B98500E3BE93 /* Constants.swift */,
				277C3A311C91C9E700E3BE93 /* SwipeGestureExtension.swift */,
				2773EF0B1C92B73300C9491B /* BadgeType.swift */,
			);
			path = Tools;
			sourceTree = "<group>";
		};
		A2FFBF28ADE55DE346300EA0 /* Frameworks */ = {
			isa = PBXGroup;
			children = (
				AEAC2A4D5128071513F9C0D5 /* Pods_RightDirectionTests.framework */,
				E42B03B9DB795A06C11E9ADF /* Pods.framework */,
			);
			name = Frameworks;
			sourceTree = "<group>";
		};
		A3471BC646A0B6C0A7E3F0C0 /* Pods */ = {
			isa = PBXGroup;
			children = (
				7E7AA0D18850DC1A21163361 /* Pods-RightDirectionTests.debug.xcconfig */,
				40097F922E05FBD6B93C2D7E /* Pods-RightDirectionTests.release.xcconfig */,
				74BC45B634282F5150C38E68 /* Pods.debug.xcconfig */,
				7ABC83FEC357EF5A2675D3E2 /* Pods.release.xcconfig */,
			);
			name = Pods;
			sourceTree = "<group>";
		};
/* End PBXGroup section */

/* Begin PBXNativeTarget section */
		27215C2B1C81E50C005D66BE /* RightDirection */ = {
			isa = PBXNativeTarget;
			buildConfigurationList = 27215C4B1C81E50C005D66BE /* Build configuration list for PBXNativeTarget "RightDirection" */;
			buildPhases = (
				FE9636ABA77A10D19DF1005D /* Check Pods Manifest.lock */,
				27215C281C81E50C005D66BE /* Sources */,
				27215C291C81E50C005D66BE /* Frameworks */,
				27215C2A1C81E50C005D66BE /* Resources */,
				2AF947AB8A584AE45903A862 /* Embed Pods Frameworks */,
				1CA059FA7C718DE010280E6A /* Copy Pods Resources */,
			);
			buildRules = (
			);
			dependencies = (
			);
			name = RightDirection;
			productName = RightDirection;
			productReference = 27215C2C1C81E50C005D66BE /* RightDirection.app */;
			productType = "com.apple.product-type.application";
		};
		27215C411C81E50C005D66BE /* RightDirectionTests */ = {
			isa = PBXNativeTarget;
			buildConfigurationList = 27215C4E1C81E50C005D66BE /* Build configuration list for PBXNativeTarget "RightDirectionTests" */;
			buildPhases = (
				D93AB866725FAE58B01150FB /* Check Pods Manifest.lock */,
				27215C3E1C81E50C005D66BE /* Sources */,
				27215C3F1C81E50C005D66BE /* Frameworks */,
				27215C401C81E50C005D66BE /* Resources */,
				3DC2B3D0801F281187EB42A4 /* Embed Pods Frameworks */,
				4C66310744602C4EBB0D32A8 /* Copy Pods Resources */,
			);
			buildRules = (
			);
			dependencies = (
				27215C441C81E50C005D66BE /* PBXTargetDependency */,
			);
			name = RightDirectionTests;
			productName = RightDirectionTests;
			productReference = 27215C421C81E50C005D66BE /* RightDirectionTests.xctest */;
			productType = "com.apple.product-type.bundle.unit-test";
		};
/* End PBXNativeTarget section */

/* Begin PBXProject section */
		27215C241C81E50C005D66BE /* Project object */ = {
			isa = PBXProject;
			attributes = {
				LastSwiftUpdateCheck = 0720;
				LastUpgradeCheck = 0720;
				ORGANIZATIONNAME = FDT;
				TargetAttributes = {
					27215C2B1C81E50C005D66BE = {
						CreatedOnToolsVersion = 7.2;
					};
					27215C411C81E50C005D66BE = {
						CreatedOnToolsVersion = 7.2;
						TestTargetID = 27215C2B1C81E50C005D66BE;
					};
				};
			};
			buildConfigurationList = 27215C271C81E50C005D66BE /* Build configuration list for PBXProject "RightDirection" */;
			compatibilityVersion = "Xcode 3.2";
			developmentRegion = English;
			hasScannedForEncodings = 0;
			knownRegions = (
				en,
				Base,
			);
			mainGroup = 27215C231C81E50C005D66BE;
			productRefGroup = 27215C2D1C81E50C005D66BE /* Products */;
			projectDirPath = "";
			projectRoot = "";
			targets = (
				27215C2B1C81E50C005D66BE /* RightDirection */,
				27215C411C81E50C005D66BE /* RightDirectionTests */,
			);
		};
/* End PBXProject section */

/* Begin PBXResourcesBuildPhase section */
		27215C2A1C81E50C005D66BE /* Resources */ = {
			isa = PBXResourcesBuildPhase;
			buildActionMask = 2147483647;
			files = (
				2795DCD31C8F0E5900F4380F /* directionsSeed.json in Resources */,
				27AE74751C89A7CF00CE9D92 /* DirectionsView.xib in Resources */,
				27215C3C1C81E50C005D66BE /* LaunchScreen.storyboard in Resources */,
				27EE73691C88197D00A0FD3F /* GameBoardViewController.xib in Resources */,
				2773EF081C92480F00C9491B /* BadgeView.xib in Resources */,
				27AE74791C89AA8600CE9D92 /* DirectionItemView.xib in Resources */,
				27215C391C81E50C005D66BE /* Assets.xcassets in Resources */,
				273E697F1C8395640015C245 /* GameTabViewController.xib in Resources */,
				27215C371C81E50C005D66BE /* Main.storyboard in Resources */,
			);
			runOnlyForDeploymentPostprocessing = 0;
		};
		27215C401C81E50C005D66BE /* Resources */ = {
			isa = PBXResourcesBuildPhase;
			buildActionMask = 2147483647;
			files = (
			);
			runOnlyForDeploymentPostprocessing = 0;
		};
/* End PBXResourcesBuildPhase section */

/* Begin PBXShellScriptBuildPhase section */
		1CA059FA7C718DE010280E6A /* Copy Pods Resources */ = {
			isa = PBXShellScriptBuildPhase;
			buildActionMask = 2147483647;
			files = (
			);
			inputPaths = (
			);
			name = "Copy Pods Resources";
			outputPaths = (
			);
			runOnlyForDeploymentPostprocessing = 0;
			shellPath = /bin/sh;
			shellScript = "\"${SRCROOT}/Pods/Target Support Files/Pods/Pods-resources.sh\"\n";
			showEnvVarsInLog = 0;
		};
		2AF947AB8A584AE45903A862 /* Embed Pods Frameworks */ = {
			isa = PBXShellScriptBuildPhase;
			buildActionMask = 2147483647;
			files = (
			);
			inputPaths = (
			);
			name = "Embed Pods Frameworks";
			outputPaths = (
			);
			runOnlyForDeploymentPostprocessing = 0;
			shellPath = /bin/sh;
			shellScript = "\"${SRCROOT}/Pods/Target Support Files/Pods/Pods-frameworks.sh\"\n";
			showEnvVarsInLog = 0;
		};
		3DC2B3D0801F281187EB42A4 /* Embed Pods Frameworks */ = {
			isa = PBXShellScriptBuildPhase;
			buildActionMask = 2147483647;
			files = (
			);
			inputPaths = (
			);
			name = "Embed Pods Frameworks";
			outputPaths = (
			);
			runOnlyForDeploymentPostprocessing = 0;
			shellPath = /bin/sh;
			shellScript = "\"${SRCROOT}/Pods/Target Support Files/Pods-RightDirectionTests/Pods-RightDirectionTests-frameworks.sh\"\n";
			showEnvVarsInLog = 0;
		};
		4C66310744602C4EBB0D32A8 /* Copy Pods Resources */ = {
			isa = PBXShellScriptBuildPhase;
			buildActionMask = 2147483647;
			files = (
			);
			inputPaths = (
			);
			name = "Copy Pods Resources";
			outputPaths = (
			);
			runOnlyForDeploymentPostprocessing = 0;
			shellPath = /bin/sh;
			shellScript = "\"${SRCROOT}/Pods/Target Support Files/Pods-RightDirectionTests/Pods-RightDirectionTests-resources.sh\"\n";
			showEnvVarsInLog = 0;
		};
		D93AB866725FAE58B01150FB /* Check Pods Manifest.lock */ = {
			isa = PBXShellScriptBuildPhase;
			buildActionMask = 2147483647;
			files = (
			);
			inputPaths = (
			);
			name = "Check Pods Manifest.lock";
			outputPaths = (
			);
			runOnlyForDeploymentPostprocessing = 0;
			shellPath = /bin/sh;
			shellScript = "diff \"${PODS_ROOT}/../Podfile.lock\" \"${PODS_ROOT}/Manifest.lock\" > /dev/null\nif [[ $? != 0 ]] ; then\n    cat << EOM\nerror: The sandbox is not in sync with the Podfile.lock. Run 'pod install' or update your CocoaPods installation.\nEOM\n    exit 1\nfi\n";
			showEnvVarsInLog = 0;
		};
		FE9636ABA77A10D19DF1005D /* Check Pods Manifest.lock */ = {
			isa = PBXShellScriptBuildPhase;
			buildActionMask = 2147483647;
			files = (
			);
			inputPaths = (
			);
			name = "Check Pods Manifest.lock";
			outputPaths = (
			);
			runOnlyForDeploymentPostprocessing = 0;
			shellPath = /bin/sh;
			shellScript = "diff \"${PODS_ROOT}/../Podfile.lock\" \"${PODS_ROOT}/Manifest.lock\" > /dev/null\nif [[ $? != 0 ]] ; then\n    cat << EOM\nerror: The sandbox is not in sync with the Podfile.lock. Run 'pod install' or update your CocoaPods installation.\nEOM\n    exit 1\nfi\n";
			showEnvVarsInLog = 0;
		};
/* End PBXShellScriptBuildPhase section */

/* Begin PBXSourcesBuildPhase section */
		27215C281C81E50C005D66BE /* Sources */ = {
			isa = PBXSourcesBuildPhase;
			buildActionMask = 2147483647;
			files = (
				2773EF0A1C92494A00C9491B /* BadgeView.swift in Sources */,
				273E69821C83A7EF0015C245 /* StatusBar.swift in Sources */,
				2773EF0C1C92B73300C9491B /* BadgeType.swift in Sources */,
				277C3A2E1C91B1AD00E3BE93 /* ScoreManager.swift in Sources */,
				2795DCD51C8F334300F4380F /* DataSource.swift in Sources */,
				27AE74771C89AA7900CE9D92 /* DirectionItemView.swift in Sources */,
				2795DCD11C8EEF4800F4380F /* DirectionEntity.swift in Sources */,
				27AE747F1C8C479000CE9D92 /* PinView.swift in Sources */,
				277C3A321C91C9E700E3BE93 /* SwipeGestureExtension.swift in Sources */,
				27AE747D1C8A192800CE9D92 /* DirectionItem.swift in Sources */,
				27215C571C81EB1B005D66BE /* GameDashboardViewController.swift in Sources */,
				27AE74731C89A7B900CE9D92 /* DirectionsView.swift in Sources */,
				27EE73681C88197D00A0FD3F /* GameBoardViewController.swift in Sources */,
				27AE747B1C8A169800CE9D92 /* DirectionsType.swift in Sources */,
				27BB4F201C838E88000D1B31 /* Colors.swift in Sources */,
				27215C301C81E50C005D66BE /* AppDelegate.swift in Sources */,
				27215C551C81EB0A005D66BE /* RootViewController.swift in Sources */,
				273E697D1C8395330015C245 /* GameTabViewController.swift in Sources */,
				277C3A301C91B98500E3BE93 /* Constants.swift in Sources */,
				2795DCD71C8F34DB00F4380F /* DirectionsDataSource.swift in Sources */,
				2795DCCF1C8EEF1800F4380F /* DirectionsManager.swift in Sources */,
				27EE736B1C885C0200A0FD3F /* RandomInt.swift in Sources */,
				27215C591C81EB4A005D66BE /* ScoreBoardViewController.swift in Sources */,
			);
			runOnlyForDeploymentPostprocessing = 0;
		};
		27215C3E1C81E50C005D66BE /* Sources */ = {
			isa = PBXSourcesBuildPhase;
			buildActionMask = 2147483647;
			files = (
				27215C471C81E50C005D66BE /* RightDirectionTests.swift in Sources */,
			);
			runOnlyForDeploymentPostprocessing = 0;
		};
/* End PBXSourcesBuildPhase section */

/* Begin PBXTargetDependency section */
		27215C441C81E50C005D66BE /* PBXTargetDependency */ = {
			isa = PBXTargetDependency;
			target = 27215C2B1C81E50C005D66BE /* RightDirection */;
			targetProxy = 27215C431C81E50C005D66BE /* PBXContainerItemProxy */;
		};
/* End PBXTargetDependency section */

/* Begin PBXVariantGroup section */
		27215C351C81E50C005D66BE /* Main.storyboard */ = {
			isa = PBXVariantGroup;
			children = (
				27215C361C81E50C005D66BE /* Base */,
			);
			name = Main.storyboard;
			sourceTree = "<group>";
		};
		27215C3A1C81E50C005D66BE /* LaunchScreen.storyboard */ = {
			isa = PBXVariantGroup;
			children = (
				27215C3B1C81E50C005D66BE /* Base */,
			);
			name = LaunchScreen.storyboard;
			sourceTree = "<group>";
		};
/* End PBXVariantGroup section */

/* Begin XCBuildConfiguration section */
		27215C491C81E50C005D66BE /* Debug */ = {
			isa = XCBuildConfiguration;
			buildSettings = {
				ALWAYS_SEARCH_USER_PATHS = NO;
				CLANG_CXX_LANGUAGE_STANDARD = "gnu++0x";
				CLANG_CXX_LIBRARY = "libc++";
				CLANG_ENABLE_MODULES = YES;
				CLANG_ENABLE_OBJC_ARC = YES;
				CLANG_WARN_BOOL_CONVERSION = YES;
				CLANG_WARN_CONSTANT_CONVERSION = YES;
				CLANG_WARN_DIRECT_OBJC_ISA_USAGE = YES_ERROR;
				CLANG_WARN_EMPTY_BODY = YES;
				CLANG_WARN_ENUM_CONVERSION = YES;
				CLANG_WARN_INT_CONVERSION = YES;
				CLANG_WARN_OBJC_ROOT_CLASS = YES_ERROR;
				CLANG_WARN_UNREACHABLE_CODE = YES;
				CLANG_WARN__DUPLICATE_METHOD_MATCH = YES;
				"CODE_SIGN_IDENTITY[sdk=iphoneos*]" = "iPhone Developer";
				COPY_PHASE_STRIP = NO;
				DEBUG_INFORMATION_FORMAT = dwarf;
				ENABLE_STRICT_OBJC_MSGSEND = YES;
				ENABLE_TESTABILITY = YES;
				GCC_C_LANGUAGE_STANDARD = gnu99;
				GCC_DYNAMIC_NO_PIC = NO;
				GCC_NO_COMMON_BLOCKS = YES;
				GCC_OPTIMIZATION_LEVEL = 0;
				GCC_PREPROCESSOR_DEFINITIONS = (
					"DEBUG=1",
					"$(inherited)",
				);
				GCC_WARN_64_TO_32_BIT_CONVERSION = YES;
				GCC_WARN_ABOUT_RETURN_TYPE = YES_ERROR;
				GCC_WARN_UNDECLARED_SELECTOR = YES;
				GCC_WARN_UNINITIALIZED_AUTOS = YES_AGGRESSIVE;
				GCC_WARN_UNUSED_FUNCTION = YES;
				GCC_WARN_UNUSED_VARIABLE = YES;
				IPHONEOS_DEPLOYMENT_TARGET = 9.2;
				MTL_ENABLE_DEBUG_INFO = YES;
				ONLY_ACTIVE_ARCH = YES;
				SDKROOT = iphoneos;
				SWIFT_OPTIMIZATION_LEVEL = "-Onone";
				TARGETED_DEVICE_FAMILY = "1,2";
			};
			name = Debug;
		};
		27215C4A1C81E50C005D66BE /* Release */ = {
			isa = XCBuildConfiguration;
			buildSettings = {
				ALWAYS_SEARCH_USER_PATHS = NO;
				CLANG_CXX_LANGUAGE_STANDARD = "gnu++0x";
				CLANG_CXX_LIBRARY = "libc++";
				CLANG_ENABLE_MODULES = YES;
				CLANG_ENABLE_OBJC_ARC = YES;
				CLANG_WARN_BOOL_CONVERSION = YES;
				CLANG_WARN_CONSTANT_CONVERSION = YES;
				CLANG_WARN_DIRECT_OBJC_ISA_USAGE = YES_ERROR;
				CLANG_WARN_EMPTY_BODY = YES;
				CLANG_WARN_ENUM_CONVERSION = YES;
				CLANG_WARN_INT_CONVERSION = YES;
				CLANG_WARN_OBJC_ROOT_CLASS = YES_ERROR;
				CLANG_WARN_UNREACHABLE_CODE = YES;
				CLANG_WARN__DUPLICATE_METHOD_MATCH = YES;
				"CODE_SIGN_IDENTITY[sdk=iphoneos*]" = "iPhone Developer";
				COPY_PHASE_STRIP = NO;
				DEBUG_INFORMATION_FORMAT = "dwarf-with-dsym";
				ENABLE_NS_ASSERTIONS = NO;
				ENABLE_STRICT_OBJC_MSGSEND = YES;
				GCC_C_LANGUAGE_STANDARD = gnu99;
				GCC_NO_COMMON_BLOCKS = YES;
				GCC_WARN_64_TO_32_BIT_CONVERSION = YES;
				GCC_WARN_ABOUT_RETURN_TYPE = YES_ERROR;
				GCC_WARN_UNDECLARED_SELECTOR = YES;
				GCC_WARN_UNINITIALIZED_AUTOS = YES_AGGRESSIVE;
				GCC_WARN_UNUSED_FUNCTION = YES;
				GCC_WARN_UNUSED_VARIABLE = YES;
				IPHONEOS_DEPLOYMENT_TARGET = 9.2;
				MTL_ENABLE_DEBUG_INFO = NO;
				SDKROOT = iphoneos;
				TARGETED_DEVICE_FAMILY = "1,2";
				VALIDATE_PRODUCT = YES;
			};
			name = Release;
		};
		27215C4C1C81E50C005D66BE /* Debug */ = {
			isa = XCBuildConfiguration;
			baseConfigurationReference = 74BC45B634282F5150C38E68 /* Pods.debug.xcconfig */;
			buildSettings = {
				ASSETCATALOG_COMPILER_APPICON_NAME = AppIcon;
				INFOPLIST_FILE = RightDirection/Info.plist;
				IPHONEOS_DEPLOYMENT_TARGET = 9.0;
				LD_RUNPATH_SEARCH_PATHS = "$(inherited) @executable_path/Frameworks";
				PRODUCT_BUNDLE_IDENTIFIER = com.fdt.RightDirection;
				PRODUCT_NAME = "$(TARGET_NAME)";
				TARGETED_DEVICE_FAMILY = "1,2";
			};
			name = Debug;
		};
		27215C4D1C81E50C005D66BE /* Release */ = {
			isa = XCBuildConfiguration;
			baseConfigurationReference = 7ABC83FEC357EF5A2675D3E2 /* Pods.release.xcconfig */;
			buildSettings = {
				ASSETCATALOG_COMPILER_APPICON_NAME = AppIcon;
				INFOPLIST_FILE = RightDirection/Info.plist;
				IPHONEOS_DEPLOYMENT_TARGET = 9.0;
				LD_RUNPATH_SEARCH_PATHS = "$(inherited) @executable_path/Frameworks";
				PRODUCT_BUNDLE_IDENTIFIER = com.fdt.RightDirection;
				PRODUCT_NAME = "$(TARGET_NAME)";
				TARGETED_DEVICE_FAMILY = "1,2";
			};
			name = Release;
		};
		27215C4F1C81E50C005D66BE /* Debug */ = {
			isa = XCBuildConfiguration;
			baseConfigurationReference = 7E7AA0D18850DC1A21163361 /* Pods-RightDirectionTests.debug.xcconfig */;
			buildSettings = {
				BUNDLE_LOADER = "$(TEST_HOST)";
				INFOPLIST_FILE = RightDirectionTests/Info.plist;
				LD_RUNPATH_SEARCH_PATHS = "$(inherited) @executable_path/Frameworks @loader_path/Frameworks";
				PRODUCT_BUNDLE_IDENTIFIER = com.fdt.RightDirectionTests;
				PRODUCT_NAME = "$(TARGET_NAME)";
				TEST_HOST = "$(BUILT_PRODUCTS_DIR)/RightDirection.app/RightDirection";
			};
			name = Debug;
		};
		27215C501C81E50C005D66BE /* Release */ = {
			isa = XCBuildConfiguration;
			baseConfigurationReference = 40097F922E05FBD6B93C2D7E /* Pods-RightDirectionTests.release.xcconfig */;
			buildSettings = {
				BUNDLE_LOADER = "$(TEST_HOST)";
				INFOPLIST_FILE = RightDirectionTests/Info.plist;
				LD_RUNPATH_SEARCH_PATHS = "$(inherited) @executable_path/Frameworks @loader_path/Frameworks";
				PRODUCT_BUNDLE_IDENTIFIER = com.fdt.RightDirectionTests;
				PRODUCT_NAME = "$(TARGET_NAME)";
				TEST_HOST = "$(BUILT_PRODUCTS_DIR)/RightDirection.app/RightDirection";
			};
			name = Release;
		};
/* End XCBuildConfiguration section */

/* Begin XCConfigurationList section */
		27215C271C81E50C005D66BE /* Build configuration list for PBXProject "RightDirection" */ = {
			isa = XCConfigurationList;
			buildConfigurations = (
				27215C491C81E50C005D66BE /* Debug */,
				27215C4A1C81E50C005D66BE /* Release */,
			);
			defaultConfigurationIsVisible = 0;
			defaultConfigurationName = Release;
		};
		27215C4B1C81E50C005D66BE /* Build configuration list for PBXNativeTarget "RightDirection" */ = {
			isa = XCConfigurationList;
			buildConfigurations = (
				27215C4C1C81E50C005D66BE /* Debug */,
				27215C4D1C81E50C005D66BE /* Release */,
			);
			defaultConfigurationIsVisible = 0;
			defaultConfigurationName = Release;
		};
		27215C4E1C81E50C005D66BE /* Build configuration list for PBXNativeTarget "RightDirectionTests" */ = {
			isa = XCConfigurationList;
			buildConfigurations = (
				27215C4F1C81E50C005D66BE /* Debug */,
				27215C501C81E50C005D66BE /* Release */,
			);
			defaultConfigurationIsVisible = 0;
			defaultConfigurationName = Release;
		};
/* End XCConfigurationList section */
	};
	rootObject = 27215C241C81E50C005D66BE /* Project object */;
}
